{
  "name": "investments",
  "version": "1.0.0",
  "lockfileVersion": 1,
  "requires": true,
  "dependencies": {
    "csv": {
      "version": "4.0.0",
      "resolved": "https://registry.npmjs.org/csv/-/csv-4.0.0.tgz",
      "integrity": "sha512-rj3+HMMIKskeiipg0VkFSx7o8FhrNSfIb1nLT6AkJ0gx7mdGU5JsJGv4tmk0vl1jV/h/TfWJOwh1tpbbhVqNKA==",
      "requires": {
        "csv-generate": "^2.2.2",
        "csv-parse": "^3.1.2",
        "csv-stringify": "^4.3.1",
        "stream-transform": "^1.0.7"
      }
    },
    "csv-generate": {
      "version": "2.2.2",
      "resolved": "https://registry.npmjs.org/csv-generate/-/csv-generate-2.2.2.tgz",
      "integrity": "sha512-ETG8JGG0xOt2f1JzxrAcQONVc4+7srUdXeyLnow60ntBr+qiNCFTqi+ME6g0vZ4hMCbrwNrDPJPOYVznAeDDHQ=="
    },
    "csv-parse": {
      "version": "3.1.2",
      "resolved": "https://registry.npmjs.org/csv-parse/-/csv-parse-3.1.2.tgz",
      "integrity": "sha512-NtcS4h3rLcwawpJJDRolYeuQW/2RvutpHpzbokbk5xMCNEDSyvAK3SmuCtd6tKOftKiMa2wn4viOU32A/5VDTQ=="
    },
    "csv-stringify": {
      "version": "4.3.1",
      "resolved": "https://registry.npmjs.org/csv-stringify/-/csv-stringify-4.3.1.tgz",
      "integrity": "sha512-VRjPYIUzex5kfbsOY7LaJcNE2qMWGQQAanb3/Vv85WbOgA+dAfDNfwntRvv335icJgGYrnTX403WxJxRVpLDFA==",
      "requires": {
        "lodash.get": "~4.4.2"
      }
    },
    "csvjson": {
      "version": "5.1.0",
      "resolved": "https://registry.npmjs.org/csvjson/-/csvjson-5.1.0.tgz",
      "integrity": "sha512-OqALQHA0k2rEGluOWikwFq5qtkRUDyoWP2u0UJy8uFjFx5FPMjPzx7D2Hn2KjBLpc8jkGrT9HDNgTUfopDlqVg=="
    },
    "lodash.get": {
      "version": "4.4.2",
      "resolved": "https://registry.npmjs.org/lodash.get/-/lodash.get-4.4.2.tgz",
      "integrity": "sha1-LRd/ZS+jHpObRDjVNBSZ36OCXpk="
    },
    "stream-transform": {
      "version": "1.0.7",
      "resolved": "https://registry.npmjs.org/stream-transform/-/stream-transform-1.0.7.tgz",
      "integrity": "sha512-bp27sM5lf75yOZAM0HfKgN7jub2FApKmXUVYnN/zuw4raqtinM3muxzd+ny262opnKvAg5PnMO66N4Eq928ayw=="
    }
  }
}
