{
  "version": "1.0.0",
  "lockfileVersion": 1,
  "requires": true,
  "dependencies": {
    "ansi-regex": {
      "version": "2.1.1",
      "resolved": "https://registry.npmjs.org/ansi-regex/-/ansi-regex-2.1.1.tgz",
      "integrity": "sha1-w7M6te42DYbg5ijwRorn7yfWVN8="
    },
    "balanced-match": {
      "version": "1.0.0",
      "resolved": "https://registry.npmjs.org/balanced-match/-/balanced-match-1.0.0.tgz",
      "integrity": "sha1-ibTRmasr7kneFk6gK4nORi1xt2c="
    },
    "brace-expansion": {
      "version": "1.1.11",
      "resolved": "https://registry.npmjs.org/brace-expansion/-/brace-expansion-1.1.11.tgz",
      "integrity": "sha512-iCuPHDFgrHX7H2vEI/5xpz07zSHB00TpugqhmYtVmMO6518mCuRMoOYFldEBl0g187ufozdaHgWKcYFb61qGiA==",
      "requires": {
        "balanced-match": "^1.0.0",
        "concat-map": "0.0.1"
      }
    },
    "clone": {
      "version": "1.0.4",
      "resolved": "https://registry.npmjs.org/clone/-/clone-1.0.4.tgz",
      "integrity": "sha1-2jCcwmPfFZlMaIypAheco8fNfH4="
    },
    "coffeescript": {
      "version": "1.12.7",
      "resolved": "https://registry.npmjs.org/coffeescript/-/coffeescript-1.12.7.tgz",
      "integrity": "sha512-pLXHFxQMPklVoEekowk8b3erNynC+DVJzChxS/LCBBgR6/8AJkHivkm//zbowcfc7BTCAjryuhx6gPqPRfsFoA=="
    },
    "columnify": {
      "version": "1.5.4",
      "resolved": "https://registry.npmjs.org/columnify/-/columnify-1.5.4.tgz",
      "integrity": "sha1-Rzfd8ce2mop8NAVweC6UfuyOeLs=",
      "requires": {
        "strip-ansi": "^3.0.0",
        "wcwidth": "^1.0.0"
      }
    },
    "concat-map": {
      "version": "0.0.1",
      "resolved": "https://registry.npmjs.org/concat-map/-/concat-map-0.0.1.tgz",
      "integrity": "sha1-2Klr13/Wjfd5OnMDajug1UBdR3s="
    },
    "csvjson": {
      "version": "5.1.0",
      "resolved": "https://registry.npmjs.org/csvjson/-/csvjson-5.1.0.tgz",
      "integrity": "sha512-OqALQHA0k2rEGluOWikwFq5qtkRUDyoWP2u0UJy8uFjFx5FPMjPzx7D2Hn2KjBLpc8jkGrT9HDNgTUfopDlqVg=="
    },
    "defaults": {
      "version": "1.0.3",
      "resolved": "https://registry.npmjs.org/defaults/-/defaults-1.0.3.tgz",
      "integrity": "sha1-xlYFHpgX2f8I7YgUd/P+QBnz730=",
      "requires": {
        "clone": "^1.0.2"
      }
    },
    "fs.realpath": {
      "version": "1.0.0",
      "resolved": "https://registry.npmjs.org/fs.realpath/-/fs.realpath-1.0.0.tgz",
      "integrity": "sha1-FQStJSMVjKpA20onh8sBQRmU6k8="
    },
    "gaze": {
      "version": "1.1.3",
      "resolved": "https://registry.npmjs.org/gaze/-/gaze-1.1.3.tgz",
      "integrity": "sha512-BRdNm8hbWzFzWHERTrejLqwHDfS4GibPoq5wjTPIoJHoBtKGPg3xAFfxmM+9ztbXelxcf2hwQcaz1PtmFeue8g==",
      "requires": {
        "globule": "^1.0.0"
      }
    },
    "glob": {
      "version": "7.1.3",
      "resolved": "https://registry.npmjs.org/glob/-/glob-7.1.3.tgz",
      "integrity": "sha512-vcfuiIxogLV4DlGBHIUOwI0IbrJ8HWPc4MU7HzviGeNho/UJDfi6B5p3sHeWIQ0KGIU0Jpxi5ZHxemQfLkkAwQ==",
      "requires": {
        "fs.realpath": "^1.0.0",
        "inflight": "^1.0.4",
        "inherits": "2",
        "minimatch": "^3.0.4",
        "once": "^1.3.0",
        "path-is-absolute": "^1.0.0"
      }
    },
    "globule": {
      "version": "1.2.1",
      "resolved": "https://registry.npmjs.org/globule/-/globule-1.2.1.tgz",
      "integrity": "sha512-g7QtgWF4uYSL5/dn71WxubOrS7JVGCnFPEnoeChJmBnyR9Mw8nGoEwOgJL/RC2Te0WhbsEUCejfH8SZNJ+adYQ==",
      "requires": {
        "glob": "~7.1.1",
        "lodash": "~4.17.10",
        "minimatch": "~3.0.2"
      }
    },
    "graceful-fs": {
      "version": "4.1.15",
      "resolved": "https://registry.npmjs.org/graceful-fs/-/graceful-fs-4.1.15.tgz",
      "integrity": "sha512-6uHUhOPEBgQ24HM+r6b/QwWfZq+yiFcipKFrOFiBEnWdy5sdzYoi+pJeQaPI5qOLRFqWmAXUPQNsielzdLoecA==",
      "optional": true
    },
    "growl": {
      "version": "1.7.0",
      "resolved": "https://registry.npmjs.org/growl/-/growl-1.7.0.tgz",
      "integrity": "sha1-3i1mE20ALhErpw8/EMMc98NQsto="
    },
    "inflight": {
      "version": "1.0.6",
      "resolved": "https://registry.npmjs.org/inflight/-/inflight-1.0.6.tgz",
      "integrity": "sha1-Sb1jMdfQLQwJvJEKEHW6gWW1bfk=",
      "requires": {
        "once": "^1.3.0",
        "wrappy": "1"
      }
    },
    "inherits": {
      "version": "2.0.3",
      "resolved": "https://registry.npmjs.org/inherits/-/inherits-2.0.3.tgz",
      "integrity": "sha1-Yzwsg+PaQqUC9SRmAiSA9CCCYd4="
    },
    "jasmine-growl-reporter": {
      "version": "0.2.1",
      "resolved": "https://registry.npmjs.org/jasmine-growl-reporter/-/jasmine-growl-reporter-0.2.1.tgz",
      "integrity": "sha1-1fCje5L2qD/VxkgrgJSVyQqLVf4=",
      "requires": {
        "growl": "~1.7.0"
      }
    },
    "jasmine-node": {
      "version": "1.16.2",
      "resolved": "https://registry.npmjs.org/jasmine-node/-/jasmine-node-1.16.2.tgz",
      "integrity": "sha512-A4AA2WaikuE7s/NYQCqfYsyCczEgObLgNH7IxRQ2SBshLBZg7vUEiiGX4GPbveW5f06nYmXYlzY4UjnZjXjV9g==",
      "requires": {
        "coffeescript": "~1.12.7",
        "gaze": "~1.1.2",
        "jasmine-growl-reporter": "~0.2.0",
        "jasmine-reporters": "~1.0.0",
        "mkdirp": "~0.3.5",
        "requirejs": "~2.3.6",
        "underscore": "~1.9.1",
        "walkdir": "~0.0.12"
      }
    },
    "jasmine-reporters": {
      "version": "1.0.2",
      "resolved": "https://registry.npmjs.org/jasmine-reporters/-/jasmine-reporters-1.0.2.tgz",
      "integrity": "sha1-q2E+1Zd9x0h+hbPBL2qOqNsq3jE=",
      "requires": {
        "mkdirp": "~0.3.5"
      }
    },
    "jsonfile": {
      "version": "2.4.0",
      "resolved": "https://registry.npmjs.org/jsonfile/-/jsonfile-2.4.0.tgz",
      "integrity": "sha1-NzaitCi4e72gzIO1P6PWM6NcKug=",
      "requires": {
        "graceful-fs": "^4.1.6"
      }
    },
    "lodash": {
      "version": "4.17.11",
      "resolved": "https://registry.npmjs.org/lodash/-/lodash-4.17.11.tgz",
      "integrity": "sha512-cQKh8igo5QUhZ7lg38DYWAxMvjSAKG0A8wGSVimP07SIUEK2UO+arSRKbRZWtelMtN5V0Hkwh5ryOto/SshYIg=="
    },
    "minimatch": {
      "version": "3.0.4",
      "resolved": "https://registry.npmjs.org/minimatch/-/minimatch-3.0.4.tgz",
      "integrity": "sha512-yJHVQEhyqPLUTgt9B83PXu6W3rx4MvvHvSUvToogpwoGDOUQ+yDrR0HRot+yOCdCO7u4hX3pWft6kWBBcqh0UA==",
      "requires": {
        "brace-expansion": "^1.1.7"
      }
    },
    "mkdirp": {
      "version": "0.3.5",
      "resolved": "https://registry.npmjs.org/mkdirp/-/mkdirp-0.3.5.tgz",
      "integrity": "sha1-3j5fiWHIjHh+4TaN+EmsRBPsqNc="
    },
    "once": {
      "version": "1.4.0",
      "resolved": "https://registry.npmjs.org/once/-/once-1.4.0.tgz",
      "integrity": "sha1-WDsap3WWHUsROsF9nFC6753Xa9E=",
      "requires": {
        "wrappy": "1"
      }
    },
    "path-is-absolute": {
      "version": "1.0.1",
      "resolved": "https://registry.npmjs.org/path-is-absolute/-/path-is-absolute-1.0.1.tgz",
      "integrity": "sha1-F0uSaHNVNP+8es5r9TpanhtcX18="
    },
    "requirejs": {
      "version": "2.3.6",
      "resolved": "https://registry.npmjs.org/requirejs/-/requirejs-2.3.6.tgz",
      "integrity": "sha512-ipEzlWQe6RK3jkzikgCupiTbTvm4S0/CAU5GlgptkN5SO6F3u0UD0K18wy6ErDqiCyP4J4YYe1HuAShvsxePLg=="
    },
    "strip-ansi": {
      "version": "3.0.1",
      "resolved": "https://registry.npmjs.org/strip-ansi/-/strip-ansi-3.0.1.tgz",
      "integrity": "sha1-ajhfuIU9lS1f8F0Oiq+UJ43GPc8=",
      "requires": {
        "ansi-regex": "^2.0.0"
      }
    },
    "underscore": {
      "version": "1.9.1",
      "resolved": "https://registry.npmjs.org/underscore/-/underscore-1.9.1.tgz",
      "integrity": "sha512-5/4etnCkd9c8gwgowi5/om/mYO5ajCaOgdzj/oW+0eQV9WxKBDZw5+ycmKmeaTXjInS/W0BzpGLo2xR2aBwZdg=="
    },
    "validator": {
      "version": "8.2.0",
      "resolved": "https://registry.npmjs.org/validator/-/validator-8.2.0.tgz",
      "integrity": "sha512-Yw5wW34fSv5spzTXNkokD6S6/Oq92d8q/t14TqsS3fAiA1RYnxSFSIZ+CY3n6PGGRCq5HhJTSepQvFUS2QUDxA=="
    },
    "walkdir": {
      "version": "0.0.12",
      "resolved": "https://registry.npmjs.org/walkdir/-/walkdir-0.0.12.tgz",
      "integrity": "sha512-HFhaD4mMWPzFSqhpyDG48KDdrjfn409YQuVW7ckZYhW4sE87mYtWifdB/+73RA7+p4s4K18n5Jfx1kHthE1gBw=="
    },
    "wcwidth": {
      "version": "1.0.1",
      "resolved": "https://registry.npmjs.org/wcwidth/-/wcwidth-1.0.1.tgz",
      "integrity": "sha1-8LDc+RW8X/FSivrbLA4XtTLaL+g=",
      "requires": {
        "defaults": "^1.0.3"
      }
    },
    "wrappy": {
      "version": "1.0.2",
      "resolved": "https://registry.npmjs.org/wrappy/-/wrappy-1.0.2.tgz",
      "integrity": "sha1-tSQ9jz7BqjXxNkYFvA0QNuMKtp8="
    }
  }
}
